{
  "name": "@fluffy-spoon/csharp-parser",
  "version": "1.0.0",
  "lockfileVersion": 1,
  "requires": true,
  "dependencies": {
    "@types/jasmine": {
      "version": "2.8.6",
      "resolved": "https://registry.npmjs.org/@types/jasmine/-/jasmine-2.8.6.tgz",
      "integrity": "sha512-clg9raJTY0EOo5pVZKX3ZlMjlYzVU73L71q5OV1jhE2Uezb7oF94jh4CvwrW6wInquQAdhOxJz5VDF2TLUGmmA==",
      "dev": true
    },
    "@types/node": {
      "version": "8.10.1",
      "resolved": "https://registry.npmjs.org/@types/node/-/node-8.10.1.tgz",
      "integrity": "sha512-X/pIUOcgpX7xxKsmdPCMKeDBefsGH/4D/IuJ1gIHbqgWI0qEy/yMKeqaN/sT+rzV9UpAXAfd0kLOVExRmZrXIg==",
      "dev": true
    },
    "@types/safe-regex": {
      "version": "1.1.1",
      "resolved": "https://registry.npmjs.org/@types/safe-regex/-/safe-regex-1.1.1.tgz",
      "integrity": "sha512-9p5DD9s54t2E0f8VLTaodlsYiulxG2EnbeWAS/bZzU/YMV2UHppcFtpTk3oMuPousC7ajPaislXHNMMDCvWpjg==",
      "dev": true
    },
    "balanced-match": {
      "version": "1.0.0",
      "resolved": "https://registry.npmjs.org/balanced-match/-/balanced-match-1.0.0.tgz",
      "integrity": "sha1-ibTRmasr7kneFk6gK4nORi1xt2c=",
      "dev": true
    },
    "brace-expansion": {
      "version": "1.1.11",
      "resolved": "https://registry.npmjs.org/brace-expansion/-/brace-expansion-1.1.11.tgz",
      "integrity": "sha512-iCuPHDFgrHX7H2vEI/5xpz07zSHB00TpugqhmYtVmMO6518mCuRMoOYFldEBl0g187ufozdaHgWKcYFb61qGiA==",
      "dev": true,
      "requires": {
        "balanced-match": "1.0.0",
        "concat-map": "0.0.1"
      }
    },
    "concat-map": {
      "version": "0.0.1",
      "resolved": "https://registry.npmjs.org/concat-map/-/concat-map-0.0.1.tgz",
      "integrity": "sha1-2Klr13/Wjfd5OnMDajug1UBdR3s=",
      "dev": true
    },
    "exit": {
      "version": "0.1.2",
      "resolved": "https://registry.npmjs.org/exit/-/exit-0.1.2.tgz",
      "integrity": "sha1-BjJjj42HfMghB9MKD/8aF8uhzQw=",
      "dev": true
    },
    "fs.realpath": {
      "version": "1.0.0",
      "resolved": "https://registry.npmjs.org/fs.realpath/-/fs.realpath-1.0.0.tgz",
      "integrity": "sha1-FQStJSMVjKpA20onh8sBQRmU6k8=",
      "dev": true
    },
    "glob": {
      "version": "7.1.2",
      "resolved": "https://registry.npmjs.org/glob/-/glob-7.1.2.tgz",
      "integrity": "sha1-wZyd+aAocC1nhhI4SmVSQExjbRU=",
      "dev": true,
      "requires": {
        "fs.realpath": "1.0.0",
        "inflight": "1.0.6",
        "inherits": "2.0.3",
        "minimatch": "3.0.4",
        "once": "1.4.0",
        "path-is-absolute": "1.0.1"
      }
    },
    "inflight": {
      "version": "1.0.6",
      "resolved": "https://registry.npmjs.org/inflight/-/inflight-1.0.6.tgz",
      "integrity": "sha1-Sb1jMdfQLQwJvJEKEHW6gWW1bfk=",
      "dev": true,
      "requires": {
        "once": "1.4.0",
        "wrappy": "1.0.2"
      }
    },
    "inherits": {
      "version": "2.0.3",
      "resolved": "https://registry.npmjs.org/inherits/-/inherits-2.0.3.tgz",
      "integrity": "sha1-Yzwsg+PaQqUC9SRmAiSA9CCCYd4=",
      "dev": true
    },
    "jasmine": {
      "version": "2.99.0",
      "resolved": "https://registry.npmjs.org/jasmine/-/jasmine-2.99.0.tgz",
      "integrity": "sha1-jKctEC5jm4Z8ZImFbg4YqceqQrc=",
      "dev": true,
      "requires": {
        "exit": "0.1.2",
        "glob": "7.1.2",
        "jasmine-core": "2.99.1"
      }
    },
    "jasmine-core": {
      "version": "2.99.1",
      "resolved": "https://registry.npmjs.org/jasmine-core/-/jasmine-core-2.99.1.tgz",
      "integrity": "sha1-5kAN8ea1bhMLYcS80JPap/boyhU=",
      "dev": true
    },
    "minimatch": {
      "version": "3.0.4",
      "resolved": "https://registry.npmjs.org/minimatch/-/minimatch-3.0.4.tgz",
      "integrity": "sha1-UWbihkV/AzBgZL5Ul+jbsMPTIIM=",
      "dev": true,
      "requires": {
        "brace-expansion": "1.1.11"
      }
    },
    "once": {
      "version": "1.4.0",
      "resolved": "https://registry.npmjs.org/once/-/once-1.4.0.tgz",
      "integrity": "sha1-WDsap3WWHUsROsF9nFC6753Xa9E=",
      "dev": true,
      "requires": {
        "wrappy": "1.0.2"
      }
    },
    "path-is-absolute": {
      "version": "1.0.1",
      "resolved": "https://registry.npmjs.org/path-is-absolute/-/path-is-absolute-1.0.1.tgz",
      "integrity": "sha1-F0uSaHNVNP+8es5r9TpanhtcX18=",
      "dev": true
    },
    "ret": {
      "version": "0.1.15",
      "resolved": "https://registry.npmjs.org/ret/-/ret-0.1.15.tgz",
      "integrity": "sha512-TTlYpa+OL+vMMNG24xSlQGEJ3B/RzEfUlLct7b5G/ytav+wPrplCpVMFuwzXbkecJrb6IYo1iFb0S9v37754mg==",
      "dev": true
    },
    "safe-regex": {
      "version": "1.1.0",
      "resolved": "https://registry.npmjs.org/safe-regex/-/safe-regex-1.1.0.tgz",
      "integrity": "sha1-QKNmnzsHfR6UPURinhV91IAjvy4=",
      "dev": true,
      "requires": {
        "ret": "0.1.15"
      }
    },
    "wrappy": {
      "version": "1.0.2",
      "resolved": "https://registry.npmjs.org/wrappy/-/wrappy-1.0.2.tgz",
      "integrity": "sha1-tSQ9jz7BqjXxNkYFvA0QNuMKtp8=",
      "dev": true
    }
  }
}
